
Microsoft Visual Studio Solution File, Format Version 12.00
# Visual Studio 15
VisualStudioVersion = 15.0.27703.2026
MinimumVisualStudioVersion = 10.0.40219.1
Project("{FAE04EC0-301F-11D3-BF4B-00C04F79EFBC}") = "Tutorial 3", "Tutorial 3\Tutorial 3.csproj", "{E6002767-27A8-4D4B-B456-0559FF39CB77}"
EndProject
Global
	GlobalSection(SolutionConfigurationPlatforms) = preSolution
		Debug|Any CPU = Debug|Any CPU
		Release|Any CPU = Release|Any CPU
	EndGlobalSection
	GlobalSection(ProjectConfigurationPlatforms) = postSolution
		{E6002767-27A8-4D4B-B456-0559FF39CB77}.Debug|Any CPU.ActiveCfg = Debug|Any CPU
		{E6002767-27A8-4D4B-B456-0559FF39CB77}.Debug|Any CPU.Build.0 = Debug|Any CPU
		{E6002767-27A8-4D4B-B456-0559FF39CB77}.Release|Any CPU.ActiveCfg = Release|Any CPU
		{E6002767-27A8-4D4B-B456-0559FF39CB77}.Release|Any CPU.Build.0 = Release|Any CPU
	EndGlobalSection
	GlobalSection(SolutionProperties) = preSolution
		HideSolutionNode = FALSE
	EndGlobalSection
	GlobalSection(ExtensibilityGlobals) = postSolution
		SolutionGuid = {208B3DE1-C157-4705-942D-9E9DAAF34FDF}
	EndGlobalSection
EndGlobal
